
Microsoft Visual Studio Solution File, Format Version 12.00
# Visual Studio Version 16
VisualStudioVersion = 16.0.31019.35
MinimumVisualStudioVersion = 10.0.40219.1
Project("{FAE04EC0-301F-11D3-BF4B-00C04F79EFBC}") = "EventGridTest", "EventGridTest.csproj", "{7227F56C-42BA-40C1-824E-B6F4C1A2CB82}"
EndProject
Global
	GlobalSection(SolutionConfigurationPlatforms) = preSolution
		Debug|Any CPU = Debug|Any CPU
		Release|Any CPU = Release|Any CPU
	EndGlobalSection
	GlobalSection(ProjectConfigurationPlatforms) = postSolution
		{7227F56C-42BA-40C1-824E-B6F4C1A2CB82}.Debug|Any CPU.ActiveCfg = Debug|Any CPU
		{7227F56C-42BA-40C1-824E-B6F4C1A2CB82}.Debug|Any CPU.Build.0 = Debug|Any CPU
		{7227F56C-42BA-40C1-824E-B6F4C1A2CB82}.Release|Any CPU.ActiveCfg = Release|Any CPU
		{7227F56C-42BA-40C1-824E-B6F4C1A2CB82}.Release|Any CPU.Build.0 = Release|Any CPU
	EndGlobalSection
	GlobalSection(SolutionProperties) = preSolution
		HideSolutionNode = FALSE
	EndGlobalSection
	GlobalSection(ExtensibilityGlobals) = postSolution
		SolutionGuid = {A502EEA5-86B6-46FF-9D6C-86A4F187E8C0}
	EndGlobalSection
EndGlobal
